
Microsoft Visual Studio Solution File, Format Version 12.00
# Visual Studio Version 17
VisualStudioVersion = 17.11.35303.130
MinimumVisualStudioVersion = 10.0.40219.1
Project("{8BC9CEB8-8B4A-11D0-8D11-00A0C91BC942}") = "变式：求逆序数（C）", "变式：求逆序数（C）\变式：求逆序数（C）.vcxproj", "{35AAAC78-578E-47A5-B7A9-31DC6391866A}"
EndProject
Global
	GlobalSection(SolutionConfigurationPlatforms) = preSolution
		Debug|x64 = Debug|x64
		Debug|x86 = Debug|x86
		Release|x64 = Release|x64
		Release|x86 = Release|x86
	EndGlobalSection
	GlobalSection(ProjectConfigurationPlatforms) = postSolution
		{35AAAC78-578E-47A5-B7A9-31DC6391866A}.Debug|x64.ActiveCfg = Debug|x64
		{35AAAC78-578E-47A5-B7A9-31DC6391866A}.Debug|x64.Build.0 = Debug|x64
		{35AAAC78-578E-47A5-B7A9-31DC6391866A}.Debug|x86.ActiveCfg = Debug|Win32
		{35AAAC78-578E-47A5-B7A9-31DC6391866A}.Debug|x86.Build.0 = Debug|Win32
		{35AAAC78-578E-47A5-B7A9-31DC6391866A}.Release|x64.ActiveCfg = Release|x64
		{35AAAC78-578E-47A5-B7A9-31DC6391866A}.Release|x64.Build.0 = Release|x64
		{35AAAC78-578E-47A5-B7A9-31DC6391866A}.Release|x86.ActiveCfg = Release|Win32
		{35AAAC78-578E-47A5-B7A9-31DC6391866A}.Release|x86.Build.0 = Release|Win32
	EndGlobalSection
	GlobalSection(SolutionProperties) = preSolution
		HideSolutionNode = FALSE
	EndGlobalSection
	GlobalSection(ExtensibilityGlobals) = postSolution
		SolutionGuid = {96222E55-FBC5-4720-8F1B-199C6155FD58}
	EndGlobalSection
EndGlobal
