
Microsoft Visual Studio Solution File, Format Version 12.00
# Visual Studio Version 17
VisualStudioVersion = 17.11.35222.181
MinimumVisualStudioVersion = 10.0.40219.1
Project("{8BC9CEB8-8B4A-11D0-8D11-00A0C91BC942}") = "冒泡算法", "冒泡算法\冒泡算法.vcxproj", "{3BEC749F-DA16-4CC3-9986-9218E53BF1BF}"
EndProject
Global
	GlobalSection(SolutionConfigurationPlatforms) = preSolution
		Debug|x64 = Debug|x64
		Debug|x86 = Debug|x86
		Release|x64 = Release|x64
		Release|x86 = Release|x86
	EndGlobalSection
	GlobalSection(ProjectConfigurationPlatforms) = postSolution
		{3BEC749F-DA16-4CC3-9986-9218E53BF1BF}.Debug|x64.ActiveCfg = Debug|x64
		{3BEC749F-DA16-4CC3-9986-9218E53BF1BF}.Debug|x64.Build.0 = Debug|x64
		{3BEC749F-DA16-4CC3-9986-9218E53BF1BF}.Debug|x86.ActiveCfg = Debug|Win32
		{3BEC749F-DA16-4CC3-9986-9218E53BF1BF}.Debug|x86.Build.0 = Debug|Win32
		{3BEC749F-DA16-4CC3-9986-9218E53BF1BF}.Release|x64.ActiveCfg = Release|x64
		{3BEC749F-DA16-4CC3-9986-9218E53BF1BF}.Release|x64.Build.0 = Release|x64
		{3BEC749F-DA16-4CC3-9986-9218E53BF1BF}.Release|x86.ActiveCfg = Release|Win32
		{3BEC749F-DA16-4CC3-9986-9218E53BF1BF}.Release|x86.Build.0 = Release|Win32
	EndGlobalSection
	GlobalSection(SolutionProperties) = preSolution
		HideSolutionNode = FALSE
	EndGlobalSection
	GlobalSection(ExtensibilityGlobals) = postSolution
		SolutionGuid = {8913CC39-62DD-49B8-8FD0-1F734FC1C026}
	EndGlobalSection
EndGlobal
